
Microsoft Visual Studio Solution File, Format Version 12.00
# Visual Studio Version 16
VisualStudioVersion = 16.0.31019.35
MinimumVisualStudioVersion = 10.0.40219.1
Project("{FAE04EC0-301F-11D3-BF4B-00C04F79EFBC}") = "View", "View\View.csproj", "{199BB805-C408-4176-9BA9-0AB287AA3566}"
EndProject
Global
	GlobalSection(SolutionConfigurationPlatforms) = preSolution
		Debug|Any CPU = Debug|Any CPU
		Release|Any CPU = Release|Any CPU
	EndGlobalSection
	GlobalSection(ProjectConfigurationPlatforms) = postSolution
		{199BB805-C408-4176-9BA9-0AB287AA3566}.Debug|Any CPU.ActiveCfg = Debug|Any CPU
		{199BB805-C408-4176-9BA9-0AB287AA3566}.Debug|Any CPU.Build.0 = Debug|Any CPU
		{199BB805-C408-4176-9BA9-0AB287AA3566}.Release|Any CPU.ActiveCfg = Release|Any CPU
		{199BB805-C408-4176-9BA9-0AB287AA3566}.Release|Any CPU.Build.0 = Release|Any CPU
	EndGlobalSection
	GlobalSection(SolutionProperties) = preSolution
		HideSolutionNode = FALSE
	EndGlobalSection
	GlobalSection(ExtensibilityGlobals) = postSolution
		SolutionGuid = {70EF68A5-02BF-4265-AA99-29C6136A14FC}
	EndGlobalSection
EndGlobal
